
Microsoft Visual Studio Solution File, Format Version 11.00
# Visual Studio 2010
Project("{2150E333-8FDC-42A3-9474-1A3956D46DE8}") = "Web", "Web", "{2A7F4A92-BF5E-49F4-9368-C21B707FE0A6}"
EndProject
Project("{2150E333-8FDC-42A3-9474-1A3956D46DE8}") = "Infrastructure", "Infrastructure", "{AAF823BD-D50B-4AB7-B7D0-4AB3D8A09AB1}"
EndProject
Project("{FAE04EC0-301F-11D3-BF4B-00C04F79EFBC}") = "ProgressTen.Infrastructure", "ProgressTen.Infrastructure\ProgressTen.Infrastructure.csproj", "{5C5FD91D-4376-498F-BFAF-1A9523FED244}"
EndProject
Project("{2150E333-8FDC-42A3-9474-1A3956D46DE8}") = "Services", "Services", "{D3065CAB-384A-4544-89D6-23825E0CBD59}"
EndProject
Project("{FAE04EC0-301F-11D3-BF4B-00C04F79EFBC}") = "ProgressTen.Services", "ProgressTen.Services\ProgressTen.Services.csproj", "{C4294606-F731-4C8F-8A4D-ED1F278F6509}"
EndProject
Project("{2150E333-8FDC-42A3-9474-1A3956D46DE8}") = "Domain", "Domain", "{44AB882E-C882-41D8-AB89-43DC8EB27A1D}"
EndProject
Project("{FAE04EC0-301F-11D3-BF4B-00C04F79EFBC}") = "ProgressTen.Domain", "ProgressTen.Domain\ProgressTen.Domain.csproj", "{5717F926-20AD-4954-BE46-C39650CC3428}"
EndProject
Project("{2150E333-8FDC-42A3-9474-1A3956D46DE8}") = "Repository", "Repository", "{13D35111-EAB7-419C-AE56-16657283D1CA}"
EndProject
Project("{FAE04EC0-301F-11D3-BF4B-00C04F79EFBC}") = "ProgressTen.Repository", "ProgressTen.Repository\ProgressTen.Repository.csproj", "{F5888E58-CCDD-4AF0-BE83-45B9AEF504F1}"
EndProject
Project("{FAE04EC0-301F-11D3-BF4B-00C04F79EFBC}") = "ProgressTen.Web", "ProgressTen.Web\ProgressTen.Web.csproj", "{CAE2F9F6-F08F-410C-8F1C-E7B66DF7ADF8}"
EndProject
Project("{2150E333-8FDC-42A3-9474-1A3956D46DE8}") = "UnitTests", "UnitTests", "{E42B5B2F-354D-441F-BEEB-6A163ADE8B34}"
EndProject
Project("{FAE04EC0-301F-11D3-BF4B-00C04F79EFBC}") = "ProgressTen.UnitTests", "ProgressTen.UnitTests\ProgressTen.UnitTests.csproj", "{CB2E9182-5F3A-4EA1-8433-D98E2F58800B}"
EndProject
Project("{2150E333-8FDC-42A3-9474-1A3956D46DE8}") = "Solution Items", "Solution Items", "{88FA35A2-FA14-4276-A30D-ABE09AED6B36}"
	ProjectSection(SolutionItems) = preProject
		Local.testsettings = Local.testsettings
		ProgressTen.vsmdi = ProgressTen.vsmdi
		TraceAndTestImpact.testsettings = TraceAndTestImpact.testsettings
	EndProjectSection
EndProject
Global
	GlobalSection(TestCaseManagementSettings) = postSolution
		CategoryFile = ProgressTen.vsmdi
	EndGlobalSection
	GlobalSection(SolutionConfigurationPlatforms) = preSolution
		Debug|Any CPU = Debug|Any CPU
		Release|Any CPU = Release|Any CPU
	EndGlobalSection
	GlobalSection(ProjectConfigurationPlatforms) = postSolution
		{5C5FD91D-4376-498F-BFAF-1A9523FED244}.Debug|Any CPU.ActiveCfg = Debug|Any CPU
		{5C5FD91D-4376-498F-BFAF-1A9523FED244}.Debug|Any CPU.Build.0 = Debug|Any CPU
		{5C5FD91D-4376-498F-BFAF-1A9523FED244}.Release|Any CPU.ActiveCfg = Release|Any CPU
		{5C5FD91D-4376-498F-BFAF-1A9523FED244}.Release|Any CPU.Build.0 = Release|Any CPU
		{C4294606-F731-4C8F-8A4D-ED1F278F6509}.Debug|Any CPU.ActiveCfg = Debug|Any CPU
		{C4294606-F731-4C8F-8A4D-ED1F278F6509}.Debug|Any CPU.Build.0 = Debug|Any CPU
		{C4294606-F731-4C8F-8A4D-ED1F278F6509}.Release|Any CPU.ActiveCfg = Release|Any CPU
		{C4294606-F731-4C8F-8A4D-ED1F278F6509}.Release|Any CPU.Build.0 = Release|Any CPU
		{5717F926-20AD-4954-BE46-C39650CC3428}.Debug|Any CPU.ActiveCfg = Debug|Any CPU
		{5717F926-20AD-4954-BE46-C39650CC3428}.Debug|Any CPU.Build.0 = Debug|Any CPU
		{5717F926-20AD-4954-BE46-C39650CC3428}.Release|Any CPU.ActiveCfg = Release|Any CPU
		{5717F926-20AD-4954-BE46-C39650CC3428}.Release|Any CPU.Build.0 = Release|Any CPU
		{F5888E58-CCDD-4AF0-BE83-45B9AEF504F1}.Debug|Any CPU.ActiveCfg = Debug|Any CPU
		{F5888E58-CCDD-4AF0-BE83-45B9AEF504F1}.Debug|Any CPU.Build.0 = Debug|Any CPU
		{F5888E58-CCDD-4AF0-BE83-45B9AEF504F1}.Release|Any CPU.ActiveCfg = Release|Any CPU
		{F5888E58-CCDD-4AF0-BE83-45B9AEF504F1}.Release|Any CPU.Build.0 = Release|Any CPU
		{CAE2F9F6-F08F-410C-8F1C-E7B66DF7ADF8}.Debug|Any CPU.ActiveCfg = Debug|Any CPU
		{CAE2F9F6-F08F-410C-8F1C-E7B66DF7ADF8}.Debug|Any CPU.Build.0 = Debug|Any CPU
		{CAE2F9F6-F08F-410C-8F1C-E7B66DF7ADF8}.Release|Any CPU.ActiveCfg = Release|Any CPU
		{CAE2F9F6-F08F-410C-8F1C-E7B66DF7ADF8}.Release|Any CPU.Build.0 = Release|Any CPU
		{CB2E9182-5F3A-4EA1-8433-D98E2F58800B}.Debug|Any CPU.ActiveCfg = Debug|Any CPU
		{CB2E9182-5F3A-4EA1-8433-D98E2F58800B}.Debug|Any CPU.Build.0 = Debug|Any CPU
		{CB2E9182-5F3A-4EA1-8433-D98E2F58800B}.Release|Any CPU.ActiveCfg = Release|Any CPU
		{CB2E9182-5F3A-4EA1-8433-D98E2F58800B}.Release|Any CPU.Build.0 = Release|Any CPU
	EndGlobalSection
	GlobalSection(SolutionProperties) = preSolution
		HideSolutionNode = FALSE
	EndGlobalSection
	GlobalSection(NestedProjects) = preSolution
		{CAE2F9F6-F08F-410C-8F1C-E7B66DF7ADF8} = {2A7F4A92-BF5E-49F4-9368-C21B707FE0A6}
		{5C5FD91D-4376-498F-BFAF-1A9523FED244} = {AAF823BD-D50B-4AB7-B7D0-4AB3D8A09AB1}
		{C4294606-F731-4C8F-8A4D-ED1F278F6509} = {D3065CAB-384A-4544-89D6-23825E0CBD59}
		{5717F926-20AD-4954-BE46-C39650CC3428} = {44AB882E-C882-41D8-AB89-43DC8EB27A1D}
		{F5888E58-CCDD-4AF0-BE83-45B9AEF504F1} = {13D35111-EAB7-419C-AE56-16657283D1CA}
		{CB2E9182-5F3A-4EA1-8433-D98E2F58800B} = {E42B5B2F-354D-441F-BEEB-6A163ADE8B34}
		{88FA35A2-FA14-4276-A30D-ABE09AED6B36} = {E42B5B2F-354D-441F-BEEB-6A163ADE8B34}
	EndGlobalSection
EndGlobal
